
Microsoft Visual Studio Solution File, Format Version 12.00
# Visual Studio Version 16
VisualStudioVersion = 16.0.31402.337
MinimumVisualStudioVersion = 10.0.40219.1
Project("{9A19103F-16F7-4668-BE54-9A1E7A4F7556}") = "Tip Factory Desktop", "Tip Factory Desktop\Tip Factory Desktop.csproj", "{7CFB6648-9089-4A0E-AF54-80EE6894987F}"
EndProject
Project("{FAE04EC0-301F-11D3-BF4B-00C04F79EFBC}") = "MainClassLibrary", "MainClassLibrary\MainClassLibrary.csproj", "{358CC782-8370-458A-B99F-D373DF736312}"
EndProject
Global
	GlobalSection(SolutionConfigurationPlatforms) = preSolution
		Debug|Any CPU = Debug|Any CPU
		Release|Any CPU = Release|Any CPU
	EndGlobalSection
	GlobalSection(ProjectConfigurationPlatforms) = postSolution
		{7CFB6648-9089-4A0E-AF54-80EE6894987F}.Debug|Any CPU.ActiveCfg = Debug|Any CPU
		{7CFB6648-9089-4A0E-AF54-80EE6894987F}.Debug|Any CPU.Build.0 = Debug|Any CPU
		{7CFB6648-9089-4A0E-AF54-80EE6894987F}.Release|Any CPU.ActiveCfg = Release|Any CPU
		{7CFB6648-9089-4A0E-AF54-80EE6894987F}.Release|Any CPU.Build.0 = Release|Any CPU
		{358CC782-8370-458A-B99F-D373DF736312}.Debug|Any CPU.ActiveCfg = Debug|Any CPU
		{358CC782-8370-458A-B99F-D373DF736312}.Debug|Any CPU.Build.0 = Debug|Any CPU
		{358CC782-8370-458A-B99F-D373DF736312}.Release|Any CPU.ActiveCfg = Release|Any CPU
		{358CC782-8370-458A-B99F-D373DF736312}.Release|Any CPU.Build.0 = Release|Any CPU
	EndGlobalSection
	GlobalSection(SolutionProperties) = preSolution
		HideSolutionNode = FALSE
	EndGlobalSection
	GlobalSection(ExtensibilityGlobals) = postSolution
		SolutionGuid = {3AE15947-F92B-449A-8748-F01E4EB49FCB}
	EndGlobalSection
EndGlobal
